
Microsoft Visual Studio Solution File, Format Version 12.00
# Visual Studio Version 17
VisualStudioVersion = 17.0.31903.59
MinimumVisualStudioVersion = 10.0.40219.1
Project("{9A19103F-16F7-4668-BE54-9A1E7A4F7556}") = "WebApi", "WebApi\WebApi.csproj", "{33AD72A0-F7CB-4F36-A632-FD653E638CD3}"
EndProject
Project("{9A19103F-16F7-4668-BE54-9A1E7A4F7556}") = "Entities", "Entities\Entities.csproj", "{5B129AA2-BD82-49C0-99DF-71457E12CC7B}"
EndProject
Project("{9A19103F-16F7-4668-BE54-9A1E7A4F7556}") = "Repositories", "Repositories\Repositories.csproj", "{E26C8853-BB21-4F0D-94A0-A3DB2BCC4E71}"
EndProject
Project("{9A19103F-16F7-4668-BE54-9A1E7A4F7556}") = "Services", "Services\Services.csproj", "{1856784C-4D7F-4763-8947-76CAC45DBAA7}"
EndProject
Project("{FAE04EC0-301F-11D3-BF4B-00C04F79EFBC}") = "Presentation", "Presentation\Presentation.csproj", "{80A2DAF0-B80D-4F28-A7BE-6EB79EE103F6}"
EndProject
Global
	GlobalSection(SolutionConfigurationPlatforms) = preSolution
		Debug|Any CPU = Debug|Any CPU
		Release|Any CPU = Release|Any CPU
	EndGlobalSection
	GlobalSection(ProjectConfigurationPlatforms) = postSolution
		{33AD72A0-F7CB-4F36-A632-FD653E638CD3}.Debug|Any CPU.ActiveCfg = Debug|Any CPU
		{33AD72A0-F7CB-4F36-A632-FD653E638CD3}.Debug|Any CPU.Build.0 = Debug|Any CPU
		{33AD72A0-F7CB-4F36-A632-FD653E638CD3}.Release|Any CPU.ActiveCfg = Release|Any CPU
		{33AD72A0-F7CB-4F36-A632-FD653E638CD3}.Release|Any CPU.Build.0 = Release|Any CPU
		{5B129AA2-BD82-49C0-99DF-71457E12CC7B}.Debug|Any CPU.ActiveCfg = Debug|Any CPU
		{5B129AA2-BD82-49C0-99DF-71457E12CC7B}.Debug|Any CPU.Build.0 = Debug|Any CPU
		{5B129AA2-BD82-49C0-99DF-71457E12CC7B}.Release|Any CPU.ActiveCfg = Release|Any CPU
		{5B129AA2-BD82-49C0-99DF-71457E12CC7B}.Release|Any CPU.Build.0 = Release|Any CPU
		{E26C8853-BB21-4F0D-94A0-A3DB2BCC4E71}.Debug|Any CPU.ActiveCfg = Debug|Any CPU
		{E26C8853-BB21-4F0D-94A0-A3DB2BCC4E71}.Debug|Any CPU.Build.0 = Debug|Any CPU
		{E26C8853-BB21-4F0D-94A0-A3DB2BCC4E71}.Release|Any CPU.ActiveCfg = Release|Any CPU
		{E26C8853-BB21-4F0D-94A0-A3DB2BCC4E71}.Release|Any CPU.Build.0 = Release|Any CPU
		{1856784C-4D7F-4763-8947-76CAC45DBAA7}.Debug|Any CPU.ActiveCfg = Debug|Any CPU
		{1856784C-4D7F-4763-8947-76CAC45DBAA7}.Debug|Any CPU.Build.0 = Debug|Any CPU
		{1856784C-4D7F-4763-8947-76CAC45DBAA7}.Release|Any CPU.ActiveCfg = Release|Any CPU
		{1856784C-4D7F-4763-8947-76CAC45DBAA7}.Release|Any CPU.Build.0 = Release|Any CPU
		{80A2DAF0-B80D-4F28-A7BE-6EB79EE103F6}.Debug|Any CPU.ActiveCfg = Debug|Any CPU
		{80A2DAF0-B80D-4F28-A7BE-6EB79EE103F6}.Debug|Any CPU.Build.0 = Debug|Any CPU
		{80A2DAF0-B80D-4F28-A7BE-6EB79EE103F6}.Release|Any CPU.ActiveCfg = Release|Any CPU
		{80A2DAF0-B80D-4F28-A7BE-6EB79EE103F6}.Release|Any CPU.Build.0 = Release|Any CPU
	EndGlobalSection
	GlobalSection(SolutionProperties) = preSolution
		HideSolutionNode = FALSE
	EndGlobalSection
	GlobalSection(ExtensibilityGlobals) = postSolution
		SolutionGuid = {8193B1A7-2C5F-41F3-B64B-9288449107D8}
	EndGlobalSection
EndGlobal
